Mirror in progress since Sun, 29 Apr 2018 16:14:42 .. please wait!
winhttrack -qwC2%Ps2u1%s%uN0%I0p3DaK0H0%kf2A25000%f#f -F "Mozilla/4.5 (compatible; HTTrack 3.0x; Windows 98)" -%F "<!-- Mirrored from %s%s by HTTrack Website Copier/3.x [XR&CO'2014], %s -->" -%l "en, *" https://cs-cosmetics-store2.myshopify.com/ -O1 ""C:\My Web Sites\Cosmetics Style 2"" +*.png +*.gif +*.jpg +*.jpeg +*.css +*.js -ad.doubleclick.net/* -mime:application/foobar 
To pause the engine: create an empty file named 'hts-stop.lock'
PID=12144
START=1524989682
